
Microsoft Visual Studio Solution File, Format Version 12.00
# Visual Studio Version 16
VisualStudioVersion = 16.0.30523.141
MinimumVisualStudioVersion = 10.0.40219.1
Project("{FAE04EC0-301F-11D3-BF4B-00C04F79EFBC}") = "AdvertApi", "AdvertApi.csproj", "{A72CD838-9DF7-43A8-A4A9-9C5E33033713}"
EndProject
Project("{FAE04EC0-301F-11D3-BF4B-00C04F79EFBC}") = "AdvertApi.Models", "..\AdvertApi.Models\AdvertApi.Models.csproj", "{698F3737-B527-4FF7-A7E9-C1E1518E29D7}"
EndProject
Global
	GlobalSection(SolutionConfigurationPlatforms) = preSolution
		Debug|Any CPU = Debug|Any CPU
		Release|Any CPU = Release|Any CPU
	EndGlobalSection
	GlobalSection(ProjectConfigurationPlatforms) = postSolution
		{A72CD838-9DF7-43A8-A4A9-9C5E33033713}.Debug|Any CPU.ActiveCfg = Debug|Any CPU
		{A72CD838-9DF7-43A8-A4A9-9C5E33033713}.Debug|Any CPU.Build.0 = Debug|Any CPU
		{A72CD838-9DF7-43A8-A4A9-9C5E33033713}.Release|Any CPU.ActiveCfg = Release|Any CPU
		{A72CD838-9DF7-43A8-A4A9-9C5E33033713}.Release|Any CPU.Build.0 = Release|Any CPU
		{698F3737-B527-4FF7-A7E9-C1E1518E29D7}.Debug|Any CPU.ActiveCfg = Debug|Any CPU
		{698F3737-B527-4FF7-A7E9-C1E1518E29D7}.Debug|Any CPU.Build.0 = Debug|Any CPU
		{698F3737-B527-4FF7-A7E9-C1E1518E29D7}.Release|Any CPU.ActiveCfg = Release|Any CPU
		{698F3737-B527-4FF7-A7E9-C1E1518E29D7}.Release|Any CPU.Build.0 = Release|Any CPU
	EndGlobalSection
	GlobalSection(SolutionProperties) = preSolution
		HideSolutionNode = FALSE
	EndGlobalSection
	GlobalSection(ExtensibilityGlobals) = postSolution
		SolutionGuid = {EC4C260D-C773-4BF0-ADCB-01ED8E656009}
	EndGlobalSection
EndGlobal
